
Microsoft Visual Studio Solution File, Format Version 12.00
# Visual Studio 2013
VisualStudioVersion = 12.0.31101.0
MinimumVisualStudioVersion = 10.0.40219.1
Project("{FAE04EC0-301F-11D3-BF4B-00C04F79EFBC}") = "Journey", "Journey\Journey.csproj", "{96B26DBF-0E5C-4677-84FC-37985EE1D2D0}"
EndProject
Project("{FAE04EC0-301F-11D3-BF4B-00C04F79EFBC}") = "Journey.Tests", "Journey.Tests\Journey.Tests.csproj", "{9DDB7E64-9BBD-4451-A2C0-BA0A888D21A3}"
EndProject
Project("{FAE04EC0-301F-11D3-BF4B-00C04F79EFBC}") = "Journey.Tests.Integration", "Journey.Tests.Integration\Journey.Tests.Integration.csproj", "{308C4549-C9F6-4962-A046-D5C80F963F69}"
EndProject
Project("{2150E333-8FDC-42A3-9474-1A3956D46DE8}") = "Solution Items", "Solution Items", "{6EB8003B-0A34-4D1B-8D3A-88B3659E4855}"
	ProjectSection(SolutionItems) = preProject
		..\Readme.docx = ..\Readme.docx
	EndProjectSection
EndProject
Project("{FAE04EC0-301F-11D3-BF4B-00C04F79EFBC}") = "Journey.Web", "Journey.Web\Journey.Web.csproj", "{5EADD64F-18AA-4E12-B062-DD51938F3E7B}"
EndProject
Project("{2150E333-8FDC-42A3-9474-1A3956D46DE8}") = "Samples", "Samples", "{0F872127-47B6-4FEB-8376-2F4AA62B57F9}"
EndProject
Project("{2150E333-8FDC-42A3-9474-1A3956D46DE8}") = "SimpleInventario", "SimpleInventario", "{67161518-710A-46D1-BD50-D37C217546E4}"
EndProject
Project("{FAE04EC0-301F-11D3-BF4B-00C04F79EFBC}") = "SimpleInventario", "Samples\SimpleInventario\SimpleInventario\SimpleInventario.csproj", "{370C0A50-1EE2-4F28-9B7B-F2CCC7455C5F}"
EndProject
Project("{FAE04EC0-301F-11D3-BF4B-00C04F79EFBC}") = "SimpleInventario.Tests", "SimpleInventario.Tests\SimpleInventario.Tests.csproj", "{00EC9BE9-AE97-4FA1-8C54-81B7BAA5221C}"
EndProject
Project("{FAE04EC0-301F-11D3-BF4B-00C04F79EFBC}") = "SimpleInventario.Commands", "SimpleInventario.Commands\SimpleInventario.Commands.csproj", "{66413D24-2FBA-44E4-AB37-2991A2771F2E}"
EndProject
Project("{FAE04EC0-301F-11D3-BF4B-00C04F79EFBC}") = "SimpleInventario.Events", "SimpleInventario.Events\SimpleInventario.Events.csproj", "{93CBD690-8BBF-49CB-8BF1-62B99C471D2E}"
EndProject
Project("{FAE04EC0-301F-11D3-BF4B-00C04F79EFBC}") = "SimpleInventario.ReadModel", "SimpleInventario.ReadModel\SimpleInventario.ReadModel.csproj", "{15CB378C-D6A3-4C38-88E3-DE495121FD63}"
EndProject
Project("{FAE04EC0-301F-11D3-BF4B-00C04F79EFBC}") = "SimpleInventario.Query", "SimpleInventario.Query\SimpleInventario.Query.csproj", "{29334367-FDE6-4412-B9D6-D46AECB6C59D}"
EndProject
Project("{FAE04EC0-301F-11D3-BF4B-00C04F79EFBC}") = "SimpleInventario.Application", "SimpleInventario.Application\SimpleInventario.Application.csproj", "{8BDEE51C-30ED-40CB-9A67-BF4A6F06E836}"
EndProject
Project("{FAE04EC0-301F-11D3-BF4B-00C04F79EFBC}") = "SimpleInventario.ReadModeling", "SimpleInventario.ReadModeling\SimpleInventario.ReadModeling.csproj", "{EDEE22CB-F7AA-4D84-A25C-AD46E18E84E4}"
EndProject
Project("{FAE04EC0-301F-11D3-BF4B-00C04F79EFBC}") = "SimpleInventario.Reporting", "SimpleInventario.Reporting\SimpleInventario.Reporting.csproj", "{84186D22-4417-4270-ACC4-EF7F2C93CAA3}"
EndProject
Project("{FAE04EC0-301F-11D3-BF4B-00C04F79EFBC}") = "SimpleInventario.Web", "SimpleInventario.Web\SimpleInventario.Web.csproj", "{CFEA35A9-7874-4EED-B60C-01B418FBC435}"
EndProject
Global
	GlobalSection(SolutionConfigurationPlatforms) = preSolution
		Debug|Any CPU = Debug|Any CPU
		Release|Any CPU = Release|Any CPU
	EndGlobalSection
	GlobalSection(ProjectConfigurationPlatforms) = postSolution
		{96B26DBF-0E5C-4677-84FC-37985EE1D2D0}.Debug|Any CPU.ActiveCfg = Debug|Any CPU
		{96B26DBF-0E5C-4677-84FC-37985EE1D2D0}.Debug|Any CPU.Build.0 = Debug|Any CPU
		{96B26DBF-0E5C-4677-84FC-37985EE1D2D0}.Release|Any CPU.ActiveCfg = Release|Any CPU
		{96B26DBF-0E5C-4677-84FC-37985EE1D2D0}.Release|Any CPU.Build.0 = Release|Any CPU
		{9DDB7E64-9BBD-4451-A2C0-BA0A888D21A3}.Debug|Any CPU.ActiveCfg = Debug|Any CPU
		{9DDB7E64-9BBD-4451-A2C0-BA0A888D21A3}.Debug|Any CPU.Build.0 = Debug|Any CPU
		{9DDB7E64-9BBD-4451-A2C0-BA0A888D21A3}.Release|Any CPU.ActiveCfg = Release|Any CPU
		{9DDB7E64-9BBD-4451-A2C0-BA0A888D21A3}.Release|Any CPU.Build.0 = Release|Any CPU
		{308C4549-C9F6-4962-A046-D5C80F963F69}.Debug|Any CPU.ActiveCfg = Debug|Any CPU
		{308C4549-C9F6-4962-A046-D5C80F963F69}.Debug|Any CPU.Build.0 = Debug|Any CPU
		{308C4549-C9F6-4962-A046-D5C80F963F69}.Release|Any CPU.ActiveCfg = Release|Any CPU
		{308C4549-C9F6-4962-A046-D5C80F963F69}.Release|Any CPU.Build.0 = Release|Any CPU
		{5EADD64F-18AA-4E12-B062-DD51938F3E7B}.Debug|Any CPU.ActiveCfg = Debug|Any CPU
		{5EADD64F-18AA-4E12-B062-DD51938F3E7B}.Debug|Any CPU.Build.0 = Debug|Any CPU
		{5EADD64F-18AA-4E12-B062-DD51938F3E7B}.Release|Any CPU.ActiveCfg = Release|Any CPU
		{5EADD64F-18AA-4E12-B062-DD51938F3E7B}.Release|Any CPU.Build.0 = Release|Any CPU
		{370C0A50-1EE2-4F28-9B7B-F2CCC7455C5F}.Debug|Any CPU.ActiveCfg = Debug|Any CPU
		{370C0A50-1EE2-4F28-9B7B-F2CCC7455C5F}.Debug|Any CPU.Build.0 = Debug|Any CPU
		{370C0A50-1EE2-4F28-9B7B-F2CCC7455C5F}.Release|Any CPU.ActiveCfg = Release|Any CPU
		{370C0A50-1EE2-4F28-9B7B-F2CCC7455C5F}.Release|Any CPU.Build.0 = Release|Any CPU
		{00EC9BE9-AE97-4FA1-8C54-81B7BAA5221C}.Debug|Any CPU.ActiveCfg = Debug|Any CPU
		{00EC9BE9-AE97-4FA1-8C54-81B7BAA5221C}.Debug|Any CPU.Build.0 = Debug|Any CPU
		{00EC9BE9-AE97-4FA1-8C54-81B7BAA5221C}.Release|Any CPU.ActiveCfg = Release|Any CPU
		{00EC9BE9-AE97-4FA1-8C54-81B7BAA5221C}.Release|Any CPU.Build.0 = Release|Any CPU
		{66413D24-2FBA-44E4-AB37-2991A2771F2E}.Debug|Any CPU.ActiveCfg = Debug|Any CPU
		{66413D24-2FBA-44E4-AB37-2991A2771F2E}.Debug|Any CPU.Build.0 = Debug|Any CPU
		{66413D24-2FBA-44E4-AB37-2991A2771F2E}.Release|Any CPU.ActiveCfg = Release|Any CPU
		{66413D24-2FBA-44E4-AB37-2991A2771F2E}.Release|Any CPU.Build.0 = Release|Any CPU
		{93CBD690-8BBF-49CB-8BF1-62B99C471D2E}.Debug|Any CPU.ActiveCfg = Debug|Any CPU
		{93CBD690-8BBF-49CB-8BF1-62B99C471D2E}.Debug|Any CPU.Build.0 = Debug|Any CPU
		{93CBD690-8BBF-49CB-8BF1-62B99C471D2E}.Release|Any CPU.ActiveCfg = Release|Any CPU
		{93CBD690-8BBF-49CB-8BF1-62B99C471D2E}.Release|Any CPU.Build.0 = Release|Any CPU
		{15CB378C-D6A3-4C38-88E3-DE495121FD63}.Debug|Any CPU.ActiveCfg = Debug|Any CPU
		{15CB378C-D6A3-4C38-88E3-DE495121FD63}.Debug|Any CPU.Build.0 = Debug|Any CPU
		{15CB378C-D6A3-4C38-88E3-DE495121FD63}.Release|Any CPU.ActiveCfg = Release|Any CPU
		{15CB378C-D6A3-4C38-88E3-DE495121FD63}.Release|Any CPU.Build.0 = Release|Any CPU
		{29334367-FDE6-4412-B9D6-D46AECB6C59D}.Debug|Any CPU.ActiveCfg = Debug|Any CPU
		{29334367-FDE6-4412-B9D6-D46AECB6C59D}.Debug|Any CPU.Build.0 = Debug|Any CPU
		{29334367-FDE6-4412-B9D6-D46AECB6C59D}.Release|Any CPU.ActiveCfg = Release|Any CPU
		{29334367-FDE6-4412-B9D6-D46AECB6C59D}.Release|Any CPU.Build.0 = Release|Any CPU
		{8BDEE51C-30ED-40CB-9A67-BF4A6F06E836}.Debug|Any CPU.ActiveCfg = Debug|Any CPU
		{8BDEE51C-30ED-40CB-9A67-BF4A6F06E836}.Debug|Any CPU.Build.0 = Debug|Any CPU
		{8BDEE51C-30ED-40CB-9A67-BF4A6F06E836}.Release|Any CPU.ActiveCfg = Release|Any CPU
		{8BDEE51C-30ED-40CB-9A67-BF4A6F06E836}.Release|Any CPU.Build.0 = Release|Any CPU
		{EDEE22CB-F7AA-4D84-A25C-AD46E18E84E4}.Debug|Any CPU.ActiveCfg = Debug|Any CPU
		{EDEE22CB-F7AA-4D84-A25C-AD46E18E84E4}.Debug|Any CPU.Build.0 = Debug|Any CPU
		{EDEE22CB-F7AA-4D84-A25C-AD46E18E84E4}.Release|Any CPU.ActiveCfg = Release|Any CPU
		{EDEE22CB-F7AA-4D84-A25C-AD46E18E84E4}.Release|Any CPU.Build.0 = Release|Any CPU
		{84186D22-4417-4270-ACC4-EF7F2C93CAA3}.Debug|Any CPU.ActiveCfg = Debug|Any CPU
		{84186D22-4417-4270-ACC4-EF7F2C93CAA3}.Debug|Any CPU.Build.0 = Debug|Any CPU
		{84186D22-4417-4270-ACC4-EF7F2C93CAA3}.Release|Any CPU.ActiveCfg = Release|Any CPU
		{84186D22-4417-4270-ACC4-EF7F2C93CAA3}.Release|Any CPU.Build.0 = Release|Any CPU
		{CFEA35A9-7874-4EED-B60C-01B418FBC435}.Debug|Any CPU.ActiveCfg = Debug|Any CPU
		{CFEA35A9-7874-4EED-B60C-01B418FBC435}.Debug|Any CPU.Build.0 = Debug|Any CPU
		{CFEA35A9-7874-4EED-B60C-01B418FBC435}.Release|Any CPU.ActiveCfg = Release|Any CPU
		{CFEA35A9-7874-4EED-B60C-01B418FBC435}.Release|Any CPU.Build.0 = Release|Any CPU
	EndGlobalSection
	GlobalSection(SolutionProperties) = preSolution
		HideSolutionNode = FALSE
	EndGlobalSection
	GlobalSection(NestedProjects) = preSolution
		{67161518-710A-46D1-BD50-D37C217546E4} = {0F872127-47B6-4FEB-8376-2F4AA62B57F9}
		{370C0A50-1EE2-4F28-9B7B-F2CCC7455C5F} = {67161518-710A-46D1-BD50-D37C217546E4}
		{00EC9BE9-AE97-4FA1-8C54-81B7BAA5221C} = {67161518-710A-46D1-BD50-D37C217546E4}
		{66413D24-2FBA-44E4-AB37-2991A2771F2E} = {67161518-710A-46D1-BD50-D37C217546E4}
		{93CBD690-8BBF-49CB-8BF1-62B99C471D2E} = {67161518-710A-46D1-BD50-D37C217546E4}
		{15CB378C-D6A3-4C38-88E3-DE495121FD63} = {67161518-710A-46D1-BD50-D37C217546E4}
		{29334367-FDE6-4412-B9D6-D46AECB6C59D} = {67161518-710A-46D1-BD50-D37C217546E4}
		{8BDEE51C-30ED-40CB-9A67-BF4A6F06E836} = {67161518-710A-46D1-BD50-D37C217546E4}
		{EDEE22CB-F7AA-4D84-A25C-AD46E18E84E4} = {67161518-710A-46D1-BD50-D37C217546E4}
		{84186D22-4417-4270-ACC4-EF7F2C93CAA3} = {67161518-710A-46D1-BD50-D37C217546E4}
		{CFEA35A9-7874-4EED-B60C-01B418FBC435} = {67161518-710A-46D1-BD50-D37C217546E4}
	EndGlobalSection
EndGlobal
